
Microsoft Visual Studio Solution File, Format Version 12.00
# Visual Studio Version 17
VisualStudioVersion = 17.5.2.0
MinimumVisualStudioVersion = 10.0.40219.1
Project("{2150E333-8FDC-42A3-9474-1A3956D46DE8}") = "backend", "backend", "{1AE8ACA6-933B-BF2A-3671-3E2EAC007D16}"
EndProject
Project("{2150E333-8FDC-42A3-9474-1A3956D46DE8}") = "src", "src", "{0F9113EE-888A-26D2-68B0-4A7D0A2A8745}"
EndProject
Project("{FAE04EC0-301F-11D3-BF4B-00C04F79EFBC}") = "AuctionLab.Api", "backend\src\AuctionLab.Api\AuctionLab.Api.csproj", "{FCBB4122-CA8B-48CF-B26D-2E84D1D5E2BD}"
EndProject
Project("{FAE04EC0-301F-11D3-BF4B-00C04F79EFBC}") = "AuctionLab.Domain", "backend\src\AuctionLab.Domain\AuctionLab.Domain.csproj", "{C7432104-136F-4C28-8386-2E677DFA0A76}"
EndProject
Project("{FAE04EC0-301F-11D3-BF4B-00C04F79EFBC}") = "AuctionLab.Application", "backend\src\AuctionLab.Application\AuctionLab.Application.csproj", "{1DCE955C-C54F-4AF7-BF9C-ED5D329747C9}"
EndProject
Project("{FAE04EC0-301F-11D3-BF4B-00C04F79EFBC}") = "AuctionLab.Infrastructure", "backend\src\AuctionLab.Infrastructure\AuctionLab.Infrastructure.csproj", "{803523D7-F200-4C34-A050-EA25C7B42AE5}"
EndProject
Global
	GlobalSection(SolutionConfigurationPlatforms) = preSolution
		Debug|Any CPU = Debug|Any CPU
		Debug|x64 = Debug|x64
		Debug|x86 = Debug|x86
		Release|Any CPU = Release|Any CPU
		Release|x64 = Release|x64
		Release|x86 = Release|x86
	EndGlobalSection
	GlobalSection(ProjectConfigurationPlatforms) = postSolution
		{FCBB4122-CA8B-48CF-B26D-2E84D1D5E2BD}.Debug|Any CPU.ActiveCfg = Debug|Any CPU
		{FCBB4122-CA8B-48CF-B26D-2E84D1D5E2BD}.Debug|Any CPU.Build.0 = Debug|Any CPU
		{FCBB4122-CA8B-48CF-B26D-2E84D1D5E2BD}.Debug|x64.ActiveCfg = Debug|Any CPU
		{FCBB4122-CA8B-48CF-B26D-2E84D1D5E2BD}.Debug|x64.Build.0 = Debug|Any CPU
		{FCBB4122-CA8B-48CF-B26D-2E84D1D5E2BD}.Debug|x86.ActiveCfg = Debug|Any CPU
		{FCBB4122-CA8B-48CF-B26D-2E84D1D5E2BD}.Debug|x86.Build.0 = Debug|Any CPU
		{FCBB4122-CA8B-48CF-B26D-2E84D1D5E2BD}.Release|Any CPU.ActiveCfg = Release|Any CPU
		{FCBB4122-CA8B-48CF-B26D-2E84D1D5E2BD}.Release|Any CPU.Build.0 = Release|Any CPU
		{FCBB4122-CA8B-48CF-B26D-2E84D1D5E2BD}.Release|x64.ActiveCfg = Release|Any CPU
		{FCBB4122-CA8B-48CF-B26D-2E84D1D5E2BD}.Release|x64.Build.0 = Release|Any CPU
		{FCBB4122-CA8B-48CF-B26D-2E84D1D5E2BD}.Release|x86.ActiveCfg = Release|Any CPU
		{FCBB4122-CA8B-48CF-B26D-2E84D1D5E2BD}.Release|x86.Build.0 = Release|Any CPU
		{C7432104-136F-4C28-8386-2E677DFA0A76}.Debug|Any CPU.ActiveCfg = Debug|Any CPU
		{C7432104-136F-4C28-8386-2E677DFA0A76}.Debug|Any CPU.Build.0 = Debug|Any CPU
		{C7432104-136F-4C28-8386-2E677DFA0A76}.Debug|x64.ActiveCfg = Debug|Any CPU
		{C7432104-136F-4C28-8386-2E677DFA0A76}.Debug|x64.Build.0 = Debug|Any CPU
		{C7432104-136F-4C28-8386-2E677DFA0A76}.Debug|x86.ActiveCfg = Debug|Any CPU
		{C7432104-136F-4C28-8386-2E677DFA0A76}.Debug|x86.Build.0 = Debug|Any CPU
		{C7432104-136F-4C28-8386-2E677DFA0A76}.Release|Any CPU.ActiveCfg = Release|Any CPU
		{C7432104-136F-4C28-8386-2E677DFA0A76}.Release|Any CPU.Build.0 = Release|Any CPU
		{C7432104-136F-4C28-8386-2E677DFA0A76}.Release|x64.ActiveCfg = Release|Any CPU
		{C7432104-136F-4C28-8386-2E677DFA0A76}.Release|x64.Build.0 = Release|Any CPU
		{C7432104-136F-4C28-8386-2E677DFA0A76}.Release|x86.ActiveCfg = Release|Any CPU
		{C7432104-136F-4C28-8386-2E677DFA0A76}.Release|x86.Build.0 = Release|Any CPU
		{1DCE955C-C54F-4AF7-BF9C-ED5D329747C9}.Debug|Any CPU.ActiveCfg = Debug|Any CPU
		{1DCE955C-C54F-4AF7-BF9C-ED5D329747C9}.Debug|Any CPU.Build.0 = Debug|Any CPU
		{1DCE955C-C54F-4AF7-BF9C-ED5D329747C9}.Debug|x64.ActiveCfg = Debug|Any CPU
		{1DCE955C-C54F-4AF7-BF9C-ED5D329747C9}.Debug|x64.Build.0 = Debug|Any CPU
		{1DCE955C-C54F-4AF7-BF9C-ED5D329747C9}.Debug|x86.ActiveCfg = Debug|Any CPU
		{1DCE955C-C54F-4AF7-BF9C-ED5D329747C9}.Debug|x86.Build.0 = Debug|Any CPU
		{1DCE955C-C54F-4AF7-BF9C-ED5D329747C9}.Release|Any CPU.ActiveCfg = Release|Any CPU
		{1DCE955C-C54F-4AF7-BF9C-ED5D329747C9}.Release|Any CPU.Build.0 = Release|Any CPU
		{1DCE955C-C54F-4AF7-BF9C-ED5D329747C9}.Release|x64.ActiveCfg = Release|Any CPU
		{1DCE955C-C54F-4AF7-BF9C-ED5D329747C9}.Release|x64.Build.0 = Release|Any CPU
		{1DCE955C-C54F-4AF7-BF9C-ED5D329747C9}.Release|x86.ActiveCfg = Release|Any CPU
		{1DCE955C-C54F-4AF7-BF9C-ED5D329747C9}.Release|x86.Build.0 = Release|Any CPU
		{803523D7-F200-4C34-A050-EA25C7B42AE5}.Debug|Any CPU.ActiveCfg = Debug|Any CPU
		{803523D7-F200-4C34-A050-EA25C7B42AE5}.Debug|Any CPU.Build.0 = Debug|Any CPU
		{803523D7-F200-4C34-A050-EA25C7B42AE5}.Debug|x64.ActiveCfg = Debug|Any CPU
		{803523D7-F200-4C34-A050-EA25C7B42AE5}.Debug|x64.Build.0 = Debug|Any CPU
		{803523D7-F200-4C34-A050-EA25C7B42AE5}.Debug|x86.ActiveCfg = Debug|Any CPU
		{803523D7-F200-4C34-A050-EA25C7B42AE5}.Debug|x86.Build.0 = Debug|Any CPU
		{803523D7-F200-4C34-A050-EA25C7B42AE5}.Release|Any CPU.ActiveCfg = Release|Any CPU
		{803523D7-F200-4C34-A050-EA25C7B42AE5}.Release|Any CPU.Build.0 = Release|Any CPU
		{803523D7-F200-4C34-A050-EA25C7B42AE5}.Release|x64.ActiveCfg = Release|Any CPU
		{803523D7-F200-4C34-A050-EA25C7B42AE5}.Release|x64.Build.0 = Release|Any CPU
		{803523D7-F200-4C34-A050-EA25C7B42AE5}.Release|x86.ActiveCfg = Release|Any CPU
		{803523D7-F200-4C34-A050-EA25C7B42AE5}.Release|x86.Build.0 = Release|Any CPU
	EndGlobalSection
	GlobalSection(SolutionProperties) = preSolution
		HideSolutionNode = FALSE
	EndGlobalSection
	GlobalSection(NestedProjects) = preSolution
		{0F9113EE-888A-26D2-68B0-4A7D0A2A8745} = {1AE8ACA6-933B-BF2A-3671-3E2EAC007D16}
		{FCBB4122-CA8B-48CF-B26D-2E84D1D5E2BD} = {0F9113EE-888A-26D2-68B0-4A7D0A2A8745}
		{C7432104-136F-4C28-8386-2E677DFA0A76} = {0F9113EE-888A-26D2-68B0-4A7D0A2A8745}
		{1DCE955C-C54F-4AF7-BF9C-ED5D329747C9} = {0F9113EE-888A-26D2-68B0-4A7D0A2A8745}
		{803523D7-F200-4C34-A050-EA25C7B42AE5} = {0F9113EE-888A-26D2-68B0-4A7D0A2A8745}
	EndGlobalSection
	GlobalSection(ExtensibilityGlobals) = postSolution
		SolutionGuid = {8A2842B2-3D89-4955-A276-04D88C56699A}
	EndGlobalSection
EndGlobal
